// !$*UTF8*$!
{
	archiveVersion = 1;
	classes = {
	};
	objectVersion = 56;
	objects = {

/* Begin PBXBuildFile section */
		B614301D2A0F2F1A00168336 /* FirebaseAuth in Frameworks */ = {isa = PBXBuildFile; productRef = B614301C2A0F2F1A00168336 /* FirebaseAuth */; };
		B614301F2A0F2F5C00168336 /* FirebaseDatabase in Frameworks */ = {isa = PBXBuildFile; productRef = B614301E2A0F2F5C00168336 /* FirebaseDatabase */; };
		B631049B2A0F31880062D89A /* FirebaseAuth in Frameworks */ = {isa = PBXBuildFile; productRef = B631049A2A0F31880062D89A /* FirebaseAuth */; };
		B631049D2A0F318E0062D89A /* FirebaseDatabase in Frameworks */ = {isa = PBXBuildFile; productRef = B631049C2A0F318E0062D89A /* FirebaseDatabase */; };
		B668D1D62A22295E0099147A /* RewardsToolbar.swift in Sources */ = {isa = PBXBuildFile; fileRef = B668D1D52A22295E0099147A /* RewardsToolbar.swift */; };
		B67E36EE2A0AB3E7003743B9 /* AccountsVCTableView.swift in Sources */ = {isa = PBXBuildFile; fileRef = B67E36ED2A0AB3E7003743B9 /* AccountsVCTableView.swift */; };
		B67E36F02A0AB593003743B9 /* AccountsVCLayout.swift in Sources */ = {isa = PBXBuildFile; fileRef = B67E36EF2A0AB593003743B9 /* AccountsVCLayout.swift */; };
		B67E36F22A0AB784003743B9 /* TransactionsVCTableView.swift in Sources */ = {isa = PBXBuildFile; fileRef = B67E36F12A0AB784003743B9 /* TransactionsVCTableView.swift */; };
		B67E36F42A0AB7EC003743B9 /* TransactionVCLayout.swift in Sources */ = {isa = PBXBuildFile; fileRef = B67E36F32A0AB7EC003743B9 /* TransactionVCLayout.swift */; };
		B67E36F62A0AB8B2003743B9 /* TransactionDetailsVCTableView.swift in Sources */ = {isa = PBXBuildFile; fileRef = B67E36F52A0AB8B2003743B9 /* TransactionDetailsVCTableView.swift */; };
		B67E36F82A0AB940003743B9 /* TransactionsDetailsLayout.swift in Sources */ = {isa = PBXBuildFile; fileRef = B67E36F72A0AB940003743B9 /* TransactionsDetailsLayout.swift */; };
		B67E36FA2A0ABB03003743B9 /* CustomTableView.swift in Sources */ = {isa = PBXBuildFile; fileRef = B67E36F92A0ABB03003743B9 /* CustomTableView.swift */; };
		B67E36FC2A0AC8B8003743B9 /* AccountsVCToolbar.swift in Sources */ = {isa = PBXBuildFile; fileRef = B67E36FB2A0AC8B8003743B9 /* AccountsVCToolbar.swift */; };
		B67E36FE2A0AC919003743B9 /* TransactionVCToolbar.swift in Sources */ = {isa = PBXBuildFile; fileRef = B67E36FD2A0AC919003743B9 /* TransactionVCToolbar.swift */; };
		B69D4C2A2A1C86CE00D0B16D /* UpcomingPaymentsVC.swift in Sources */ = {isa = PBXBuildFile; fileRef = B69D4C292A1C86CE00D0B16D /* UpcomingPaymentsVC.swift */; };
		B69D4C2C2A1C884700D0B16D /* UpcomingPaymentsToolbar.swift in Sources */ = {isa = PBXBuildFile; fileRef = B69D4C2B2A1C884700D0B16D /* UpcomingPaymentsToolbar.swift */; };
		B6B5CEA92A095C3800CF86C7 /* Alert.swift in Sources */ = {isa = PBXBuildFile; fileRef = B6B5CEA82A095C3800CF86C7 /* Alert.swift */; };
		B6BA939F2A301ABB00C90D36 /* Transform.swift in Sources */ = {isa = PBXBuildFile; fileRef = B6BA939E2A301ABB00C90D36 /* Transform.swift */; };
		B6BA93A22A301AD200C90D36 /* ViewModel.swift in Sources */ = {isa = PBXBuildFile; fileRef = B6BA93A12A301AD200C90D36 /* ViewModel.swift */; };
		B6BF9B042A03C91D0012CCCF /* AppDelegate.swift in Sources */ = {isa = PBXBuildFile; fileRef = B6BF9B032A03C91D0012CCCF /* AppDelegate.swift */; };
		B6BF9B062A03C91D0012CCCF /* SceneDelegate.swift in Sources */ = {isa = PBXBuildFile; fileRef = B6BF9B052A03C91D0012CCCF /* SceneDelegate.swift */; };
		B6BF9B082A03C91D0012CCCF /* LoginVC.swift in Sources */ = {isa = PBXBuildFile; fileRef = B6BF9B072A03C91D0012CCCF /* LoginVC.swift */; };
		B6BF9B0B2A03C91D0012CCCF /* Main.storyboard in Resources */ = {isa = PBXBuildFile; fileRef = B6BF9B092A03C91D0012CCCF /* Main.storyboard */; };
		B6BF9B0D2A03C91F0012CCCF /* Assets.xcassets in Resources */ = {isa = PBXBuildFile; fileRef = B6BF9B0C2A03C91F0012CCCF /* Assets.xcassets */; };
		B6BF9B102A03C91F0012CCCF /* LaunchScreen.storyboard in Resources */ = {isa = PBXBuildFile; fileRef = B6BF9B0E2A03C91F0012CCCF /* LaunchScreen.storyboard */; };
		B6BF9B1B2A03C91F0012CCCF /* UBankTests.swift in Sources */ = {isa = PBXBuildFile; fileRef = B6BF9B1A2A03C91F0012CCCF /* UBankTests.swift */; };
		B6BF9B252A03C91F0012CCCF /* UBankUITests.swift in Sources */ = {isa = PBXBuildFile; fileRef = B6BF9B242A03C91F0012CCCF /* UBankUITests.swift */; };
		B6BF9B272A03C91F0012CCCF /* UBankUITestsLaunchTests.swift in Sources */ = {isa = PBXBuildFile; fileRef = B6BF9B262A03C91F0012CCCF /* UBankUITestsLaunchTests.swift */; };
		B6BF9B342A03C9850012CCCF /* MainCoordinator.swift in Sources */ = {isa = PBXBuildFile; fileRef = B6BF9B332A03C9850012CCCF /* MainCoordinator.swift */; };
		B6BF9B362A03C99C0012CCCF /* Coordinator.swift in Sources */ = {isa = PBXBuildFile; fileRef = B6BF9B352A03C99C0012CCCF /* Coordinator.swift */; };
		B6C4E98B2A07CA46002C9845 /* FirebaseAnalytics in Frameworks */ = {isa = PBXBuildFile; productRef = B6C4E98A2A07CA46002C9845 /* FirebaseAnalytics */; };
		B6C4E98D2A07CA46002C9845 /* FirebaseAuth in Frameworks */ = {isa = PBXBuildFile; productRef = B6C4E98C2A07CA46002C9845 /* FirebaseAuth */; };
		B6C4E98F2A07CA46002C9845 /* FirebaseAuthCombine-Community in Frameworks */ = {isa = PBXBuildFile; productRef = B6C4E98E2A07CA46002C9845 /* FirebaseAuthCombine-Community */; };
		B6C4E9912A07CA46002C9845 /* FirebaseDatabase in Frameworks */ = {isa = PBXBuildFile; productRef = B6C4E9902A07CA46002C9845 /* FirebaseDatabase */; };
		B6C4E9932A07CA46002C9845 /* FirebaseDatabaseSwift in Frameworks */ = {isa = PBXBuildFile; productRef = B6C4E9922A07CA46002C9845 /* FirebaseDatabaseSwift */; };
		B6C4E9972A07D6DC002C9845 /* GoogleService-Info.plist in Resources */ = {isa = PBXBuildFile; fileRef = B6C4E9962A07D6DC002C9845 /* GoogleService-Info.plist */; };
		B6C4E99A2A07E71F002C9845 /* Model.swift in Sources */ = {isa = PBXBuildFile; fileRef = B6C4E9992A07E71F002C9845 /* Model.swift */; };
		B6C4E9A02A082198002C9845 /* TransactionDetailsCell.swift in Sources */ = {isa = PBXBuildFile; fileRef = B6C4E99F2A082198002C9845 /* TransactionDetailsCell.swift */; };
		B6CDBFF72A1CDA1600E6355D /* MainMenuVC.swift in Sources */ = {isa = PBXBuildFile; fileRef = B6CDBFF62A1CDA1600E6355D /* MainMenuVC.swift */; };
		B6CDBFF92A1CDA2900E6355D /* MainMenuToolbar.swift in Sources */ = {isa = PBXBuildFile; fileRef = B6CDBFF82A1CDA2900E6355D /* MainMenuToolbar.swift */; };
		B6CDEEDF2A210F800051C499 /* RewardsVC.swift in Sources */ = {isa = PBXBuildFile; fileRef = B6CDEEDE2A210F800051C499 /* RewardsVC.swift */; };
		B6CDEEF92A2116420051C499 /* MyCollectionViewCell.swift in Sources */ = {isa = PBXBuildFile; fileRef = B6CDEEF72A2116420051C499 /* MyCollectionViewCell.swift */; };
		B6CDEEFA2A2116420051C499 /* MyCollectionViewCell.xib in Resources */ = {isa = PBXBuildFile; fileRef = B6CDEEF82A2116420051C499 /* MyCollectionViewCell.xib */; };
		B6CDEEFE2A2116B50051C499 /* CollectionTableViewCell.swift in Sources */ = {isa = PBXBuildFile; fileRef = B6CDEEFC2A2116B50051C499 /* CollectionTableViewCell.swift */; };
		B6CDEEFF2A2116B50051C499 /* CollectionTableViewCell.xib in Resources */ = {isa = PBXBuildFile; fileRef = B6CDEEFD2A2116B50051C499 /* CollectionTableViewCell.xib */; };
		B6D330C22A06705700B34157 /* WelcomeVC.swift in Sources */ = {isa = PBXBuildFile; fileRef = B6D330C12A06705700B34157 /* WelcomeVC.swift */; };
		B6D330C42A06767C00B34157 /* CustomColors.swift in Sources */ = {isa = PBXBuildFile; fileRef = B6D330C32A06767C00B34157 /* CustomColors.swift */; };
		B6D330CB2A067BB000B34157 /* AccountsVC.swift in Sources */ = {isa = PBXBuildFile; fileRef = B6D330CA2A067BB000B34157 /* AccountsVC.swift */; };
		B6D330CD2A067BC000B34157 /* AccountsCell.swift in Sources */ = {isa = PBXBuildFile; fileRef = B6D330CC2A067BC000B34157 /* AccountsCell.swift */; };
		B6D330D02A06A27100B34157 /* TransactionCell.swift in Sources */ = {isa = PBXBuildFile; fileRef = B6D330CF2A06A27100B34157 /* TransactionCell.swift */; };
		B6D330D22A06A27A00B34157 /* TransactionsVC.swift in Sources */ = {isa = PBXBuildFile; fileRef = B6D330D12A06A27A00B34157 /* TransactionsVC.swift */; };
		B6D330D72A06B63A00B34157 /* TransactionDetailsVC.swift in Sources */ = {isa = PBXBuildFile; fileRef = B6D330D62A06B63A00B34157 /* TransactionDetailsVC.swift */; };
		B6E2A9B32A1DF2CE001C42C7 /* PayInitialVC.swift in Sources */ = {isa = PBXBuildFile; fileRef = B6E2A9B22A1DF2CE001C42C7 /* PayInitialVC.swift */; };
		B6F76DCC2A096D780077E422 /* Misc.swift in Sources */ = {isa = PBXBuildFile; fileRef = B6F76DCB2A096D780077E422 /* Misc.swift */; };
/* End PBXBuildFile section */

/* Begin PBXContainerItemProxy section */
		B6BF9B172A03C91F0012CCCF /* PBXContainerItemProxy */ = {
			isa = PBXContainerItemProxy;
			containerPortal = B6BF9AF82A03C91D0012CCCF /* Project object */;
			proxyType = 1;
			remoteGlobalIDString = B6BF9AFF2A03C91D0012CCCF;
			remoteInfo = UBank;
		};
		B6BF9B212A03C91F0012CCCF /* PBXContainerItemProxy */ = {
			isa = PBXContainerItemProxy;
			containerPortal = B6BF9AF82A03C91D0012CCCF /* Project object */;
			proxyType = 1;
			remoteGlobalIDString = B6BF9AFF2A03C91D0012CCCF;
			remoteInfo = UBank;
		};
/* End PBXContainerItemProxy section */

/* Begin PBXFileReference section */
		B668D1D52A22295E0099147A /* RewardsToolbar.swift */ = {isa = PBXFileReference; lastKnownFileType = sourcecode.swift; path = RewardsToolbar.swift; sourceTree = "<group>"; };
		B67E36ED2A0AB3E7003743B9 /* AccountsVCTableView.swift */ = {isa = PBXFileReference; lastKnownFileType = sourcecode.swift; path = AccountsVCTableView.swift; sourceTree = "<group>"; };
		B67E36EF2A0AB593003743B9 /* AccountsVCLayout.swift */ = {isa = PBXFileReference; lastKnownFileType = sourcecode.swift; path = AccountsVCLayout.swift; sourceTree = "<group>"; };
		B67E36F12A0AB784003743B9 /* TransactionsVCTableView.swift */ = {isa = PBXFileReference; lastKnownFileType = sourcecode.swift; path = TransactionsVCTableView.swift; sourceTree = "<group>"; };
		B67E36F32A0AB7EC003743B9 /* TransactionVCLayout.swift */ = {isa = PBXFileReference; lastKnownFileType = sourcecode.swift; path = TransactionVCLayout.swift; sourceTree = "<group>"; };
		B67E36F52A0AB8B2003743B9 /* TransactionDetailsVCTableView.swift */ = {isa = PBXFileReference; lastKnownFileType = sourcecode.swift; path = TransactionDetailsVCTableView.swift; sourceTree = "<group>"; };
		B67E36F72A0AB940003743B9 /* TransactionsDetailsLayout.swift */ = {isa = PBXFileReference; lastKnownFileType = sourcecode.swift; path = TransactionsDetailsLayout.swift; sourceTree = "<group>"; };
		B67E36F92A0ABB03003743B9 /* CustomTableView.swift */ = {isa = PBXFileReference; lastKnownFileType = sourcecode.swift; path = CustomTableView.swift; sourceTree = "<group>"; };
		B67E36FB2A0AC8B8003743B9 /* AccountsVCToolbar.swift */ = {isa = PBXFileReference; lastKnownFileType = sourcecode.swift; path = AccountsVCToolbar.swift; sourceTree = "<group>"; };
		B67E36FD2A0AC919003743B9 /* TransactionVCToolbar.swift */ = {isa = PBXFileReference; lastKnownFileType = sourcecode.swift; path = TransactionVCToolbar.swift; sourceTree = "<group>"; };
		B69D4C292A1C86CE00D0B16D /* UpcomingPaymentsVC.swift */ = {isa = PBXFileReference; lastKnownFileType = sourcecode.swift; path = UpcomingPaymentsVC.swift; sourceTree = "<group>"; };
		B69D4C2B2A1C884700D0B16D /* UpcomingPaymentsToolbar.swift */ = {isa = PBXFileReference; lastKnownFileType = sourcecode.swift; path = UpcomingPaymentsToolbar.swift; sourceTree = "<group>"; };
		B6B5CEA82A095C3800CF86C7 /* Alert.swift */ = {isa = PBXFileReference; lastKnownFileType = sourcecode.swift; path = Alert.swift; sourceTree = "<group>"; };
		B6BA939E2A301ABB00C90D36 /* Transform.swift */ = {isa = PBXFileReference; lastKnownFileType = sourcecode.swift; path = Transform.swift; sourceTree = "<group>"; };
		B6BA93A12A301AD200C90D36 /* ViewModel.swift */ = {isa = PBXFileReference; lastKnownFileType = sourcecode.swift; path = ViewModel.swift; sourceTree = "<group>"; };
		B6BF9B002A03C91D0012CCCF /* UBank.app */ = {isa = PBXFileReference; explicitFileType = wrapper.application; includeInIndex = 0; path = UBank.app; sourceTree = BUILT_PRODUCTS_DIR; };
		B6BF9B032A03C91D0012CCCF /* AppDelegate.swift */ = {isa = PBXFileReference; lastKnownFileType = sourcecode.swift; path = AppDelegate.swift; sourceTree = "<group>"; };
		B6BF9B052A03C91D0012CCCF /* SceneDelegate.swift */ = {isa = PBXFileReference; lastKnownFileType = sourcecode.swift; path = SceneDelegate.swift; sourceTree = "<group>"; };
		B6BF9B072A03C91D0012CCCF /* LoginVC.swift */ = {isa = PBXFileReference; lastKnownFileType = sourcecode.swift; path = LoginVC.swift; sourceTree = "<group>"; };
		B6BF9B0A2A03C91D0012CCCF /* Base */ = {isa = PBXFileReference; lastKnownFileType = file.storyboard; name = Base; path = Base.lproj/Main.storyboard; sourceTree = "<group>"; };
		B6BF9B0C2A03C91F0012CCCF /* Assets.xcassets */ = {isa = PBXFileReference; lastKnownFileType = folder.assetcatalog; path = Assets.xcassets; sourceTree = "<group>"; };
		B6BF9B0F2A03C91F0012CCCF /* Base */ = {isa = PBXFileReference; lastKnownFileType = file.storyboard; name = Base; path = Base.lproj/LaunchScreen.storyboard; sourceTree = "<group>"; };
		B6BF9B112A03C91F0012CCCF /* Info.plist */ = {isa = PBXFileReference; lastKnownFileType = text.plist.xml; path = Info.plist; sourceTree = "<group>"; };
		B6BF9B162A03C91F0012CCCF /* UBankTests.xctest */ = {isa = PBXFileReference; explicitFileType = wrapper.cfbundle; includeInIndex = 0; path = UBankTests.xctest; sourceTree = BUILT_PRODUCTS_DIR; };
		B6BF9B1A2A03C91F0012CCCF /* UBankTests.swift */ = {isa = PBXFileReference; lastKnownFileType = sourcecode.swift; path = UBankTests.swift; sourceTree = "<group>"; };
		B6BF9B202A03C91F0012CCCF /* UBankUITests.xctest */ = {isa = PBXFileReference; explicitFileType = wrapper.cfbundle; includeInIndex = 0; path = UBankUITests.xctest; sourceTree = BUILT_PRODUCTS_DIR; };
		B6BF9B242A03C91F0012CCCF /* UBankUITests.swift */ = {isa = PBXFileReference; lastKnownFileType = sourcecode.swift; path = UBankUITests.swift; sourceTree = "<group>"; };
		B6BF9B262A03C91F0012CCCF /* UBankUITestsLaunchTests.swift */ = {isa = PBXFileReference; lastKnownFileType = sourcecode.swift; path = UBankUITestsLaunchTests.swift; sourceTree = "<group>"; };
		B6BF9B332A03C9850012CCCF /* MainCoordinator.swift */ = {isa = PBXFileReference; lastKnownFileType = sourcecode.swift; path = MainCoordinator.swift; sourceTree = "<group>"; };
		B6BF9B352A03C99C0012CCCF /* Coordinator.swift */ = {isa = PBXFileReference; lastKnownFileType = sourcecode.swift; path = Coordinator.swift; sourceTree = "<group>"; };
		B6C4E9962A07D6DC002C9845 /* GoogleService-Info.plist */ = {isa = PBXFileReference; fileEncoding = 4; lastKnownFileType = text.plist.xml; path = "GoogleService-Info.plist"; sourceTree = "<group>"; };
		B6C4E9992A07E71F002C9845 /* Model.swift */ = {isa = PBXFileReference; lastKnownFileType = sourcecode.swift; path = Model.swift; sourceTree = "<group>"; };
		B6C4E99F2A082198002C9845 /* TransactionDetailsCell.swift */ = {isa = PBXFileReference; lastKnownFileType = sourcecode.swift; path = TransactionDetailsCell.swift; sourceTree = "<group>"; };
		B6CDBFF62A1CDA1600E6355D /* MainMenuVC.swift */ = {isa = PBXFileReference; lastKnownFileType = sourcecode.swift; path = MainMenuVC.swift; sourceTree = "<group>"; };
		B6CDBFF82A1CDA2900E6355D /* MainMenuToolbar.swift */ = {isa = PBXFileReference; lastKnownFileType = sourcecode.swift; path = MainMenuToolbar.swift; sourceTree = "<group>"; };
		B6CDEEDE2A210F800051C499 /* RewardsVC.swift */ = {isa = PBXFileReference; lastKnownFileType = sourcecode.swift; path = RewardsVC.swift; sourceTree = "<group>"; };
		B6CDEEF72A2116420051C499 /* MyCollectionViewCell.swift */ = {isa = PBXFileReference; lastKnownFileType = sourcecode.swift; path = MyCollectionViewCell.swift; sourceTree = "<group>"; };
		B6CDEEF82A2116420051C499 /* MyCollectionViewCell.xib */ = {isa = PBXFileReference; lastKnownFileType = file.xib; path = MyCollectionViewCell.xib; sourceTree = "<group>"; };
		B6CDEEFC2A2116B50051C499 /* CollectionTableViewCell.swift */ = {isa = PBXFileReference; lastKnownFileType = sourcecode.swift; path = CollectionTableViewCell.swift; sourceTree = "<group>"; };
		B6CDEEFD2A2116B50051C499 /* CollectionTableViewCell.xib */ = {isa = PBXFileReference; lastKnownFileType = file.xib; path = CollectionTableViewCell.xib; sourceTree = "<group>"; };
		B6D330C12A06705700B34157 /* WelcomeVC.swift */ = {isa = PBXFileReference; lastKnownFileType = sourcecode.swift; path = WelcomeVC.swift; sourceTree = "<group>"; };
		B6D330C32A06767C00B34157 /* CustomColors.swift */ = {isa = PBXFileReference; lastKnownFileType = sourcecode.swift; path = CustomColors.swift; sourceTree = "<group>"; };
		B6D330CA2A067BB000B34157 /* AccountsVC.swift */ = {isa = PBXFileReference; lastKnownFileType = sourcecode.swift; path = AccountsVC.swift; sourceTree = "<group>"; };
		B6D330CC2A067BC000B34157 /* AccountsCell.swift */ = {isa = PBXFileReference; lastKnownFileType = sourcecode.swift; path = AccountsCell.swift; sourceTree = "<group>"; };
		B6D330CF2A06A27100B34157 /* TransactionCell.swift */ = {isa = PBXFileReference; lastKnownFileType = sourcecode.swift; path = TransactionCell.swift; sourceTree = "<group>"; };
		B6D330D12A06A27A00B34157 /* TransactionsVC.swift */ = {isa = PBXFileReference; lastKnownFileType = sourcecode.swift; path = TransactionsVC.swift; sourceTree = "<group>"; };
		B6D330D62A06B63A00B34157 /* TransactionDetailsVC.swift */ = {isa = PBXFileReference; lastKnownFileType = sourcecode.swift; path = TransactionDetailsVC.swift; sourceTree = "<group>"; };
		B6E2A9B22A1DF2CE001C42C7 /* PayInitialVC.swift */ = {isa = PBXFileReference; lastKnownFileType = sourcecode.swift; path = PayInitialVC.swift; sourceTree = "<group>"; };
		B6F76DCB2A096D780077E422 /* Misc.swift */ = {isa = PBXFileReference; lastKnownFileType = sourcecode.swift; path = Misc.swift; sourceTree = "<group>"; };
/* End PBXFileReference section */

/* Begin PBXFrameworksBuildPhase section */
		B6BF9AFD2A03C91D0012CCCF /* Frameworks */ = {
			isa = PBXFrameworksBuildPhase;
			buildActionMask = 2147483647;
			files = (
				B6C4E9932A07CA46002C9845 /* FirebaseDatabaseSwift in Frameworks */,
				B6C4E98B2A07CA46002C9845 /* FirebaseAnalytics in Frameworks */,
				B6C4E98F2A07CA46002C9845 /* FirebaseAuthCombine-Community in Frameworks */,
				B6C4E9912A07CA46002C9845 /* FirebaseDatabase in Frameworks */,
				B6C4E98D2A07CA46002C9845 /* FirebaseAuth in Frameworks */,
			);
			runOnlyForDeploymentPostprocessing = 0;
		};
		B6BF9B132A03C91F0012CCCF /* Frameworks */ = {
			isa = PBXFrameworksBuildPhase;
			buildActionMask = 2147483647;
			files = (
				B631049D2A0F318E0062D89A /* FirebaseDatabase in Frameworks */,
				B631049B2A0F31880062D89A /* FirebaseAuth in Frameworks */,
			);
			runOnlyForDeploymentPostprocessing = 0;
		};
		B6BF9B1D2A03C91F0012CCCF /* Frameworks */ = {
			isa = PBXFrameworksBuildPhase;
			buildActionMask = 2147483647;
			files = (
				B614301F2A0F2F5C00168336 /* FirebaseDatabase in Frameworks */,
				B614301D2A0F2F1A00168336 /* FirebaseAuth in Frameworks */,
			);
			runOnlyForDeploymentPostprocessing = 0;
		};
/* End PBXFrameworksBuildPhase section */

/* Begin PBXGroup section */
		B614301B2A0F2F1A00168336 /* Frameworks */ = {
			isa = PBXGroup;
			children = (
			);
			name = Frameworks;
			sourceTree = "<group>";
		};
		B66C15182A18D50A009BABB8 /* Model */ = {
			isa = PBXGroup;
			children = (
				B6C4E9992A07E71F002C9845 /* Model.swift */,
			);
			path = Model;
			sourceTree = "<group>";
		};
		B69D4C282A1C86BA00D0B16D /* UpcomingPaymentsVC */ = {
			isa = PBXGroup;
			children = (
				B69D4C292A1C86CE00D0B16D /* UpcomingPaymentsVC.swift */,
				B69D4C2B2A1C884700D0B16D /* UpcomingPaymentsToolbar.swift */,
			);
			path = UpcomingPaymentsVC;
			sourceTree = "<group>";
		};
		B6BA939D2A301AB300C90D36 /* Transform */ = {
			isa = PBXGroup;
			children = (
				B6BA939E2A301ABB00C90D36 /* Transform.swift */,
			);
			path = Transform;
			sourceTree = "<group>";
		};
		B6BA93A02A301ACB00C90D36 /* ViewModel */ = {
			isa = PBXGroup;
			children = (
				B6BA93A12A301AD200C90D36 /* ViewModel.swift */,
			);
			path = ViewModel;
			sourceTree = "<group>";
		};
		B6BF9AF72A03C91D0012CCCF = {
			isa = PBXGroup;
			children = (
				B6BF9B022A03C91D0012CCCF /* UBank */,
				B6BF9B192A03C91F0012CCCF /* UBankTests */,
				B6BF9B232A03C91F0012CCCF /* UBankUITests */,
				B6BF9B012A03C91D0012CCCF /* Products */,
				B614301B2A0F2F1A00168336 /* Frameworks */,
			);
			sourceTree = "<group>";
		};
		B6BF9B012A03C91D0012CCCF /* Products */ = {
			isa = PBXGroup;
			children = (
				B6BF9B002A03C91D0012CCCF /* UBank.app */,
				B6BF9B162A03C91F0012CCCF /* UBankTests.xctest */,
				B6BF9B202A03C91F0012CCCF /* UBankUITests.xctest */,
			);
			name = Products;
			sourceTree = "<group>";
		};
		B6BF9B022A03C91D0012CCCF /* UBank */ = {
			isa = PBXGroup;
			children = (
				B6BA93A02A301ACB00C90D36 /* ViewModel */,
				B6BA939D2A301AB300C90D36 /* Transform */,
				B6CDEEDD2A210F6F0051C499 /* Rewards */,
				B6E2A9B12A1DF283001C42C7 /* Payments */,
				B6CDBFF52A1CD83200E6355D /* MainMenu */,
				B69D4C282A1C86BA00D0B16D /* UpcomingPaymentsVC */,
				B66C15182A18D50A009BABB8 /* Model */,
				B6D330D52A06B5D800B34157 /* TransactionsDetail */,
				B6D330CE2A06A25E00B34157 /* Transactions */,
				B6D330C92A067B9E00B34157 /* Accounts */,
				B6D330C82A06797A00B34157 /* Login */,
				B6D330C72A06796D00B34157 /* Coordinator */,
				B6D330C62A06796000B34157 /* Misc */,
				B6D330C52A06795300B34157 /* Start */,
				B6BF9B032A03C91D0012CCCF /* AppDelegate.swift */,
				B6BF9B052A03C91D0012CCCF /* SceneDelegate.swift */,
				B6C4E9962A07D6DC002C9845 /* GoogleService-Info.plist */,
				B6BF9B092A03C91D0012CCCF /* Main.storyboard */,
				B6BF9B0C2A03C91F0012CCCF /* Assets.xcassets */,
				B6BF9B0E2A03C91F0012CCCF /* LaunchScreen.storyboard */,
				B6BF9B112A03C91F0012CCCF /* Info.plist */,
			);
			path = UBank;
			sourceTree = "<group>";
		};
		B6BF9B192A03C91F0012CCCF /* UBankTests */ = {
			isa = PBXGroup;
			children = (
				B6BF9B1A2A03C91F0012CCCF /* UBankTests.swift */,
			);
			path = UBankTests;
			sourceTree = "<group>";
		};
		B6BF9B232A03C91F0012CCCF /* UBankUITests */ = {
			isa = PBXGroup;
			children = (
				B6BF9B242A03C91F0012CCCF /* UBankUITests.swift */,
				B6BF9B262A03C91F0012CCCF /* UBankUITestsLaunchTests.swift */,
			);
			path = UBankUITests;
			sourceTree = "<group>";
		};
		B6CDBFF52A1CD83200E6355D /* MainMenu */ = {
			isa = PBXGroup;
			children = (
				B6CDBFF62A1CDA1600E6355D /* MainMenuVC.swift */,
				B6CDBFF82A1CDA2900E6355D /* MainMenuToolbar.swift */,
			);
			path = MainMenu;
			sourceTree = "<group>";
		};
		B6CDEEDD2A210F6F0051C499 /* Rewards */ = {
			isa = PBXGroup;
			children = (
				B6CDEEDE2A210F800051C499 /* RewardsVC.swift */,
				B668D1D52A22295E0099147A /* RewardsToolbar.swift */,
				B6CDEEFB2A2116A10051C499 /* Table Cell */,
				B6CDEEF62A2116220051C499 /* Collection Cell */,
			);
			path = Rewards;
			sourceTree = "<group>";
		};
		B6CDEEF62A2116220051C499 /* Collection Cell */ = {
			isa = PBXGroup;
			children = (
				B6CDEEF72A2116420051C499 /* MyCollectionViewCell.swift */,
				B6CDEEF82A2116420051C499 /* MyCollectionViewCell.xib */,
			);
			path = "Collection Cell";
			sourceTree = "<group>";
		};
		B6CDEEFB2A2116A10051C499 /* Table Cell */ = {
			isa = PBXGroup;
			children = (
				B6CDEEFC2A2116B50051C499 /* CollectionTableViewCell.swift */,
				B6CDEEFD2A2116B50051C499 /* CollectionTableViewCell.xib */,
			);
			path = "Table Cell";
			sourceTree = "<group>";
		};
		B6D330C52A06795300B34157 /* Start */ = {
			isa = PBXGroup;
			children = (
				B6D330C12A06705700B34157 /* WelcomeVC.swift */,
			);
			path = Start;
			sourceTree = "<group>";
		};
		B6D330C62A06796000B34157 /* Misc */ = {
			isa = PBXGroup;
			children = (
				B6D330C32A06767C00B34157 /* CustomColors.swift */,
				B6B5CEA82A095C3800CF86C7 /* Alert.swift */,
				B6F76DCB2A096D780077E422 /* Misc.swift */,
				B67E36F92A0ABB03003743B9 /* CustomTableView.swift */,
			);
			path = Misc;
			sourceTree = "<group>";
		};
		B6D330C72A06796D00B34157 /* Coordinator */ = {
			isa = PBXGroup;
			children = (
				B6BF9B332A03C9850012CCCF /* MainCoordinator.swift */,
				B6BF9B352A03C99C0012CCCF /* Coordinator.swift */,
			);
			path = Coordinator;
			sourceTree = "<group>";
		};
		B6D330C82A06797A00B34157 /* Login */ = {
			isa = PBXGroup;
			children = (
				B6BF9B072A03C91D0012CCCF /* LoginVC.swift */,
			);
			path = Login;
			sourceTree = "<group>";
		};
		B6D330C92A067B9E00B34157 /* Accounts */ = {
			isa = PBXGroup;
			children = (
				B6D330CA2A067BB000B34157 /* AccountsVC.swift */,
				B67E36FB2A0AC8B8003743B9 /* AccountsVCToolbar.swift */,
				B67E36EF2A0AB593003743B9 /* AccountsVCLayout.swift */,
				B67E36ED2A0AB3E7003743B9 /* AccountsVCTableView.swift */,
				B6D330CC2A067BC000B34157 /* AccountsCell.swift */,
			);
			path = Accounts;
			sourceTree = "<group>";
		};
		B6D330CE2A06A25E00B34157 /* Transactions */ = {
			isa = PBXGroup;
			children = (
				B6D330D12A06A27A00B34157 /* TransactionsVC.swift */,
				B67E36FD2A0AC919003743B9 /* TransactionVCToolbar.swift */,
				B67E36F32A0AB7EC003743B9 /* TransactionVCLayout.swift */,
				B67E36F12A0AB784003743B9 /* TransactionsVCTableView.swift */,
				B6D330CF2A06A27100B34157 /* TransactionCell.swift */,
			);
			path = Transactions;
			sourceTree = "<group>";
		};
		B6D330D52A06B5D800B34157 /* TransactionsDetail */ = {
			isa = PBXGroup;
			children = (
				B6D330D62A06B63A00B34157 /* TransactionDetailsVC.swift */,
				B67E36F72A0AB940003743B9 /* TransactionsDetailsLayout.swift */,
				B67E36F52A0AB8B2003743B9 /* TransactionDetailsVCTableView.swift */,
				B6C4E99F2A082198002C9845 /* TransactionDetailsCell.swift */,
			);
			path = TransactionsDetail;
			sourceTree = "<group>";
		};
		B6E2A9B12A1DF283001C42C7 /* Payments */ = {
			isa = PBXGroup;
			children = (
				B6E2A9B22A1DF2CE001C42C7 /* PayInitialVC.swift */,
			);
			path = Payments;
			sourceTree = "<group>";
		};
/* End PBXGroup section */

/* Begin PBXNativeTarget section */
		B6BF9AFF2A03C91D0012CCCF /* UBank */ = {
			isa = PBXNativeTarget;
			buildConfigurationList = B6BF9B2A2A03C91F0012CCCF /* Build configuration list for PBXNativeTarget "UBank" */;
			buildPhases = (
				B6BF9AFC2A03C91D0012CCCF /* Sources */,
				B6BF9AFD2A03C91D0012CCCF /* Frameworks */,
				B6BF9AFE2A03C91D0012CCCF /* Resources */,
			);
			buildRules = (
			);
			dependencies = (
			);
			name = UBank;
			packageProductDependencies = (
				B6C4E98A2A07CA46002C9845 /* FirebaseAnalytics */,
				B6C4E98C2A07CA46002C9845 /* FirebaseAuth */,
				B6C4E98E2A07CA46002C9845 /* FirebaseAuthCombine-Community */,
				B6C4E9902A07CA46002C9845 /* FirebaseDatabase */,
				B6C4E9922A07CA46002C9845 /* FirebaseDatabaseSwift */,
			);
			productName = UBank;
			productReference = B6BF9B002A03C91D0012CCCF /* UBank.app */;
			productType = "com.apple.product-type.application";
		};
		B6BF9B152A03C91F0012CCCF /* UBankTests */ = {
			isa = PBXNativeTarget;
			buildConfigurationList = B6BF9B2D2A03C91F0012CCCF /* Build configuration list for PBXNativeTarget "UBankTests" */;
			buildPhases = (
				B6BF9B122A03C91F0012CCCF /* Sources */,
				B6BF9B132A03C91F0012CCCF /* Frameworks */,
				B6BF9B142A03C91F0012CCCF /* Resources */,
			);
			buildRules = (
			);
			dependencies = (
				B6BF9B182A03C91F0012CCCF /* PBXTargetDependency */,
			);
			name = UBankTests;
			packageProductDependencies = (
				B631049A2A0F31880062D89A /* FirebaseAuth */,
				B631049C2A0F318E0062D89A /* FirebaseDatabase */,
			);
			productName = UBankTests;
			productReference = B6BF9B162A03C91F0012CCCF /* UBankTests.xctest */;
			productType = "com.apple.product-type.bundle.unit-test";
		};
		B6BF9B1F2A03C91F0012CCCF /* UBankUITests */ = {
			isa = PBXNativeTarget;
			buildConfigurationList = B6BF9B302A03C91F0012CCCF /* Build configuration list for PBXNativeTarget "UBankUITests" */;
			buildPhases = (
				B6BF9B1C2A03C91F0012CCCF /* Sources */,
				B6BF9B1D2A03C91F0012CCCF /* Frameworks */,
				B6BF9B1E2A03C91F0012CCCF /* Resources */,
			);
			buildRules = (
			);
			dependencies = (
				B6BF9B222A03C91F0012CCCF /* PBXTargetDependency */,
			);
			name = UBankUITests;
			packageProductDependencies = (
				B614301C2A0F2F1A00168336 /* FirebaseAuth */,
				B614301E2A0F2F5C00168336 /* FirebaseDatabase */,
			);
			productName = UBankUITests;
			productReference = B6BF9B202A03C91F0012CCCF /* UBankUITests.xctest */;
			productType = "com.apple.product-type.bundle.ui-testing";
		};
/* End PBXNativeTarget section */

/* Begin PBXProject section */
		B6BF9AF82A03C91D0012CCCF /* Project object */ = {
			isa = PBXProject;
			attributes = {
				BuildIndependentTargetsInParallel = 1;
				LastSwiftUpdateCheck = 1430;
				LastUpgradeCheck = 1430;
				TargetAttributes = {
					B6BF9AFF2A03C91D0012CCCF = {
						CreatedOnToolsVersion = 14.3;
					};
					B6BF9B152A03C91F0012CCCF = {
						CreatedOnToolsVersion = 14.3;
						TestTargetID = B6BF9AFF2A03C91D0012CCCF;
					};
					B6BF9B1F2A03C91F0012CCCF = {
						CreatedOnToolsVersion = 14.3;
						TestTargetID = B6BF9AFF2A03C91D0012CCCF;
					};
				};
			};
			buildConfigurationList = B6BF9AFB2A03C91D0012CCCF /* Build configuration list for PBXProject "UBank" */;
			compatibilityVersion = "Xcode 14.0";
			developmentRegion = en;
			hasScannedForEncodings = 0;
			knownRegions = (
				en,
				Base,
			);
			mainGroup = B6BF9AF72A03C91D0012CCCF;
			packageReferences = (
				B6C4E9892A07CA46002C9845 /* XCRemoteSwiftPackageReference "firebase-ios-sdk" */,
			);
			productRefGroup = B6BF9B012A03C91D0012CCCF /* Products */;
			projectDirPath = "";
			projectRoot = "";
			targets = (
				B6BF9AFF2A03C91D0012CCCF /* UBank */,
				B6BF9B152A03C91F0012CCCF /* UBankTests */,
				B6BF9B1F2A03C91F0012CCCF /* UBankUITests */,
			);
		};
/* End PBXProject section */

/* Begin PBXResourcesBuildPhase section */
		B6BF9AFE2A03C91D0012CCCF /* Resources */ = {
			isa = PBXResourcesBuildPhase;
			buildActionMask = 2147483647;
			files = (
				B6CDEEFA2A2116420051C499 /* MyCollectionViewCell.xib in Resources */,
				B6CDEEFF2A2116B50051C499 /* CollectionTableViewCell.xib in Resources */,
				B6BF9B102A03C91F0012CCCF /* LaunchScreen.storyboard in Resources */,
				B6C4E9972A07D6DC002C9845 /* GoogleService-Info.plist in Resources */,
				B6BF9B0D2A03C91F0012CCCF /* Assets.xcassets in Resources */,
				B6BF9B0B2A03C91D0012CCCF /* Main.storyboard in Resources */,
			);
			runOnlyForDeploymentPostprocessing = 0;
		};
		B6BF9B142A03C91F0012CCCF /* Resources */ = {
			isa = PBXResourcesBuildPhase;
			buildActionMask = 2147483647;
			files = (
			);
			runOnlyForDeploymentPostprocessing = 0;
		};
		B6BF9B1E2A03C91F0012CCCF /* Resources */ = {
			isa = PBXResourcesBuildPhase;
			buildActionMask = 2147483647;
			files = (
			);
			runOnlyForDeploymentPostprocessing = 0;
		};
/* End PBXResourcesBuildPhase section */

/* Begin PBXSourcesBuildPhase section */
		B6BF9AFC2A03C91D0012CCCF /* Sources */ = {
			isa = PBXSourcesBuildPhase;
			buildActionMask = 2147483647;
			files = (
				B6BF9B082A03C91D0012CCCF /* LoginVC.swift in Sources */,
				B6F76DCC2A096D780077E422 /* Misc.swift in Sources */,
				B6BF9B342A03C9850012CCCF /* MainCoordinator.swift in Sources */,
				B6D330D72A06B63A00B34157 /* TransactionDetailsVC.swift in Sources */,
				B6B5CEA92A095C3800CF86C7 /* Alert.swift in Sources */,
				B67E36F22A0AB784003743B9 /* TransactionsVCTableView.swift in Sources */,
				B67E36F02A0AB593003743B9 /* AccountsVCLayout.swift in Sources */,
				B6C4E9A02A082198002C9845 /* TransactionDetailsCell.swift in Sources */,
				B67E36F62A0AB8B2003743B9 /* TransactionDetailsVCTableView.swift in Sources */,
				B69D4C2A2A1C86CE00D0B16D /* UpcomingPaymentsVC.swift in Sources */,
				B6BA93A22A301AD200C90D36 /* ViewModel.swift in Sources */,
				B668D1D62A22295E0099147A /* RewardsToolbar.swift in Sources */,
				B6CDEEFE2A2116B50051C499 /* CollectionTableViewCell.swift in Sources */,
				B6D330C42A06767C00B34157 /* CustomColors.swift in Sources */,
				B6C4E99A2A07E71F002C9845 /* Model.swift in Sources */,
				B69D4C2C2A1C884700D0B16D /* UpcomingPaymentsToolbar.swift in Sources */,
				B6BF9B362A03C99C0012CCCF /* Coordinator.swift in Sources */,
				B67E36FE2A0AC919003743B9 /* TransactionVCToolbar.swift in Sources */,
				B6BA939F2A301ABB00C90D36 /* Transform.swift in Sources */,
				B6D330CD2A067BC000B34157 /* AccountsCell.swift in Sources */,
				B67E36FA2A0ABB03003743B9 /* CustomTableView.swift in Sources */,
				B6D330D02A06A27100B34157 /* TransactionCell.swift in Sources */,
				B6CDEEDF2A210F800051C499 /* RewardsVC.swift in Sources */,
				B67E36FC2A0AC8B8003743B9 /* AccountsVCToolbar.swift in Sources */,
				B6CDBFF92A1CDA2900E6355D /* MainMenuToolbar.swift in Sources */,
				B67E36EE2A0AB3E7003743B9 /* AccountsVCTableView.swift in Sources */,
				B6D330D22A06A27A00B34157 /* TransactionsVC.swift in Sources */,
				B67E36F42A0AB7EC003743B9 /* TransactionVCLayout.swift in Sources */,
				B6D330CB2A067BB000B34157 /* AccountsVC.swift in Sources */,
				B6E2A9B32A1DF2CE001C42C7 /* PayInitialVC.swift in Sources */,
				B6D330C22A06705700B34157 /* WelcomeVC.swift in Sources */,
				B6CDBFF72A1CDA1600E6355D /* MainMenuVC.swift in Sources */,
				B6CDEEF92A2116420051C499 /* MyCollectionViewCell.swift in Sources */,
				B6BF9B042A03C91D0012CCCF /* AppDelegate.swift in Sources */,
				B67E36F82A0AB940003743B9 /* TransactionsDetailsLayout.swift in Sources */,
				B6BF9B062A03C91D0012CCCF /* SceneDelegate.swift in Sources */,
			);
			runOnlyForDeploymentPostprocessing = 0;
		};
		B6BF9B122A03C91F0012CCCF /* Sources */ = {
			isa = PBXSourcesBuildPhase;
			buildActionMask = 2147483647;
			files = (
				B6BF9B1B2A03C91F0012CCCF /* UBankTests.swift in Sources */,
			);
			runOnlyForDeploymentPostprocessing = 0;
		};
		B6BF9B1C2A03C91F0012CCCF /* Sources */ = {
			isa = PBXSourcesBuildPhase;
			buildActionMask = 2147483647;
			files = (
				B6BF9B272A03C91F0012CCCF /* UBankUITestsLaunchTests.swift in Sources */,
				B6BF9B252A03C91F0012CCCF /* UBankUITests.swift in Sources */,
			);
			runOnlyForDeploymentPostprocessing = 0;
		};
/* End PBXSourcesBuildPhase section */

/* Begin PBXTargetDependency section */
		B6BF9B182A03C91F0012CCCF /* PBXTargetDependency */ = {
			isa = PBXTargetDependency;
			target = B6BF9AFF2A03C91D0012CCCF /* UBank */;
			targetProxy = B6BF9B172A03C91F0012CCCF /* PBXContainerItemProxy */;
		};
		B6BF9B222A03C91F0012CCCF /* PBXTargetDependency */ = {
			isa = PBXTargetDependency;
			target = B6BF9AFF2A03C91D0012CCCF /* UBank */;
			targetProxy = B6BF9B212A03C91F0012CCCF /* PBXContainerItemProxy */;
		};
/* End PBXTargetDependency section */

/* Begin PBXVariantGroup section */
		B6BF9B092A03C91D0012CCCF /* Main.storyboard */ = {
			isa = PBXVariantGroup;
			children = (
				B6BF9B0A2A03C91D0012CCCF /* Base */,
			);
			name = Main.storyboard;
			sourceTree = "<group>";
		};
		B6BF9B0E2A03C91F0012CCCF /* LaunchScreen.storyboard */ = {
			isa = PBXVariantGroup;
			children = (
				B6BF9B0F2A03C91F0012CCCF /* Base */,
			);
			name = LaunchScreen.storyboard;
			sourceTree = "<group>";
		};
/* End PBXVariantGroup section */

/* Begin XCBuildConfiguration section */
		B6BF9B282A03C91F0012CCCF /* Debug */ = {
			isa = XCBuildConfiguration;
			buildSettings = {
				ALWAYS_SEARCH_USER_PATHS = NO;
				CLANG_ANALYZER_NONNULL = YES;
				CLANG_ANALYZER_NUMBER_OBJECT_CONVERSION = YES_AGGRESSIVE;
				CLANG_CXX_LANGUAGE_STANDARD = "gnu++20";
				CLANG_ENABLE_MODULES = YES;
				CLANG_ENABLE_OBJC_ARC = YES;
				CLANG_ENABLE_OBJC_WEAK = YES;
				CLANG_WARN_BLOCK_CAPTURE_AUTORELEASING = YES;
				CLANG_WARN_BOOL_CONVERSION = YES;
				CLANG_WARN_COMMA = YES;
				CLANG_WARN_CONSTANT_CONVERSION = YES;
				CLANG_WARN_DEPRECATED_OBJC_IMPLEMENTATIONS = YES;
				CLANG_WARN_DIRECT_OBJC_ISA_USAGE = YES_ERROR;
				CLANG_WARN_DOCUMENTATION_COMMENTS = YES;
				CLANG_WARN_EMPTY_BODY = YES;
				CLANG_WARN_ENUM_CONVERSION = YES;
				CLANG_WARN_INFINITE_RECURSION = YES;
				CLANG_WARN_INT_CONVERSION = YES;
				CLANG_WARN_NON_LITERAL_NULL_CONVERSION = YES;
				CLANG_WARN_OBJC_IMPLICIT_RETAIN_SELF = YES;
				CLANG_WARN_OBJC_LITERAL_CONVERSION = YES;
				CLANG_WARN_OBJC_ROOT_CLASS = YES_ERROR;
				CLANG_WARN_QUOTED_INCLUDE_IN_FRAMEWORK_HEADER = YES;
				CLANG_WARN_RANGE_LOOP_ANALYSIS = YES;
				CLANG_WARN_STRICT_PROTOTYPES = YES;
				CLANG_WARN_SUSPICIOUS_MOVE = YES;
				CLANG_WARN_UNGUARDED_AVAILABILITY = YES_AGGRESSIVE;
				CLANG_WARN_UNREACHABLE_CODE = YES;
				CLANG_WARN__DUPLICATE_METHOD_MATCH = YES;
				COPY_PHASE_STRIP = NO;
				DEBUG_INFORMATION_FORMAT = dwarf;
				ENABLE_STRICT_OBJC_MSGSEND = YES;
				ENABLE_TESTABILITY = YES;
				GCC_C_LANGUAGE_STANDARD = gnu11;
				GCC_DYNAMIC_NO_PIC = NO;
				GCC_NO_COMMON_BLOCKS = YES;
				GCC_OPTIMIZATION_LEVEL = 0;
				GCC_PREPROCESSOR_DEFINITIONS = (
					"DEBUG=1",
					"$(inherited)",
				);
				GCC_WARN_64_TO_32_BIT_CONVERSION = YES;
				GCC_WARN_ABOUT_RETURN_TYPE = YES_ERROR;
				GCC_WARN_UNDECLARED_SELECTOR = YES;
				GCC_WARN_UNINITIALIZED_AUTOS = YES_AGGRESSIVE;
				GCC_WARN_UNUSED_FUNCTION = YES;
				GCC_WARN_UNUSED_VARIABLE = YES;
				IPHONEOS_DEPLOYMENT_TARGET = 16.4;
				MTL_ENABLE_DEBUG_INFO = INCLUDE_SOURCE;
				MTL_FAST_MATH = YES;
				ONLY_ACTIVE_ARCH = YES;
				SDKROOT = iphoneos;
				SWIFT_ACTIVE_COMPILATION_CONDITIONS = DEBUG;
				SWIFT_OPTIMIZATION_LEVEL = "-Onone";
			};
			name = Debug;
		};
		B6BF9B292A03C91F0012CCCF /* Release */ = {
			isa = XCBuildConfiguration;
			buildSettings = {
				ALWAYS_SEARCH_USER_PATHS = NO;
				CLANG_ANALYZER_NONNULL = YES;
				CLANG_ANALYZER_NUMBER_OBJECT_CONVERSION = YES_AGGRESSIVE;
				CLANG_CXX_LANGUAGE_STANDARD = "gnu++20";
				CLANG_ENABLE_MODULES = YES;
				CLANG_ENABLE_OBJC_ARC = YES;
				CLANG_ENABLE_OBJC_WEAK = YES;
				CLANG_WARN_BLOCK_CAPTURE_AUTORELEASING = YES;
				CLANG_WARN_BOOL_CONVERSION = YES;
				CLANG_WARN_COMMA = YES;
				CLANG_WARN_CONSTANT_CONVERSION = YES;
				CLANG_WARN_DEPRECATED_OBJC_IMPLEMENTATIONS = YES;
				CLANG_WARN_DIRECT_OBJC_ISA_USAGE = YES_ERROR;
				CLANG_WARN_DOCUMENTATION_COMMENTS = YES;
				CLANG_WARN_EMPTY_BODY = YES;
				CLANG_WARN_ENUM_CONVERSION = YES;
				CLANG_WARN_INFINITE_RECURSION = YES;
				CLANG_WARN_INT_CONVERSION = YES;
				CLANG_WARN_NON_LITERAL_NULL_CONVERSION = YES;
				CLANG_WARN_OBJC_IMPLICIT_RETAIN_SELF = YES;
				CLANG_WARN_OBJC_LITERAL_CONVERSION = YES;
				CLANG_WARN_OBJC_ROOT_CLASS = YES_ERROR;
				CLANG_WARN_QUOTED_INCLUDE_IN_FRAMEWORK_HEADER = YES;
				CLANG_WARN_RANGE_LOOP_ANALYSIS = YES;
				CLANG_WARN_STRICT_PROTOTYPES = YES;
				CLANG_WARN_SUSPICIOUS_MOVE = YES;
				CLANG_WARN_UNGUARDED_AVAILABILITY = YES_AGGRESSIVE;
				CLANG_WARN_UNREACHABLE_CODE = YES;
				CLANG_WARN__DUPLICATE_METHOD_MATCH = YES;
				COPY_PHASE_STRIP = NO;
				DEBUG_INFORMATION_FORMAT = "dwarf-with-dsym";
				ENABLE_NS_ASSERTIONS = NO;
				ENABLE_STRICT_OBJC_MSGSEND = YES;
				GCC_C_LANGUAGE_STANDARD = gnu11;
				GCC_NO_COMMON_BLOCKS = YES;
				GCC_WARN_64_TO_32_BIT_CONVERSION = YES;
				GCC_WARN_ABOUT_RETURN_TYPE = YES_ERROR;
				GCC_WARN_UNDECLARED_SELECTOR = YES;
				GCC_WARN_UNINITIALIZED_AUTOS = YES_AGGRESSIVE;
				GCC_WARN_UNUSED_FUNCTION = YES;
				GCC_WARN_UNUSED_VARIABLE = YES;
				IPHONEOS_DEPLOYMENT_TARGET = 16.4;
				MTL_ENABLE_DEBUG_INFO = NO;
				MTL_FAST_MATH = YES;
				SDKROOT = iphoneos;
				SWIFT_COMPILATION_MODE = wholemodule;
				SWIFT_OPTIMIZATION_LEVEL = "-O";
				VALIDATE_PRODUCT = YES;
			};
			name = Release;
		};
		B6BF9B2B2A03C91F0012CCCF /* Debug */ = {
			isa = XCBuildConfiguration;
			buildSettings = {
				ASSETCATALOG_COMPILER_APPICON_NAME = AppIcon;
				ASSETCATALOG_COMPILER_GLOBAL_ACCENT_COLOR_NAME = AccentColor;
				CODE_SIGN_STYLE = Automatic;
				CURRENT_PROJECT_VERSION = 1;
				DEVELOPMENT_TEAM = 4HV6C4864X;
				GENERATE_INFOPLIST_FILE = YES;
				INFOPLIST_FILE = UBank/Info.plist;
				INFOPLIST_KEY_UIApplicationSupportsIndirectInputEvents = YES;
				INFOPLIST_KEY_UILaunchStoryboardName = LaunchScreen;
				INFOPLIST_KEY_UIMainStoryboardFile = Main;
				INFOPLIST_KEY_UISupportedInterfaceOrientations_iPad = "UIInterfaceOrientationPortrait UIInterfaceOrientationPortraitUpsideDown UIInterfaceOrientationLandscapeLeft UIInterfaceOrientationLandscapeRight";
				INFOPLIST_KEY_UISupportedInterfaceOrientations_iPhone = "UIInterfaceOrientationPortrait UIInterfaceOrientationLandscapeLeft UIInterfaceOrientationLandscapeRight";
				LD_RUNPATH_SEARCH_PATHS = (
					"$(inherited)",
					"@executable_path/Frameworks",
				);
				MARKETING_VERSION = 1.0;
				PRODUCT_BUNDLE_IDENTIFIER = TC.UBank;
				PRODUCT_NAME = "$(TARGET_NAME)";
				SWIFT_EMIT_LOC_STRINGS = YES;
				SWIFT_VERSION = 5.0;
				TARGETED_DEVICE_FAMILY = "1,2";
			};
			name = Debug;
		};
		B6BF9B2C2A03C91F0012CCCF /* Release */ = {
			isa = XCBuildConfiguration;
			buildSettings = {
				ASSETCATALOG_COMPILER_APPICON_NAME = AppIcon;
				ASSETCATALOG_COMPILER_GLOBAL_ACCENT_COLOR_NAME = AccentColor;
				CODE_SIGN_STYLE = Automatic;
				CURRENT_PROJECT_VERSION = 1;
				DEVELOPMENT_TEAM = 4HV6C4864X;
				GENERATE_INFOPLIST_FILE = YES;
				INFOPLIST_FILE = UBank/Info.plist;
				INFOPLIST_KEY_UIApplicationSupportsIndirectInputEvents = YES;
				INFOPLIST_KEY_UILaunchStoryboardName = LaunchScreen;
				INFOPLIST_KEY_UIMainStoryboardFile = Main;
				INFOPLIST_KEY_UISupportedInterfaceOrientations_iPad = "UIInterfaceOrientationPortrait UIInterfaceOrientationPortraitUpsideDown UIInterfaceOrientationLandscapeLeft UIInterfaceOrientationLandscapeRight";
				INFOPLIST_KEY_UISupportedInterfaceOrientations_iPhone = "UIInterfaceOrientationPortrait UIInterfaceOrientationLandscapeLeft UIInterfaceOrientationLandscapeRight";
				LD_RUNPATH_SEARCH_PATHS = (
					"$(inherited)",
					"@executable_path/Frameworks",
				);
				MARKETING_VERSION = 1.0;
				PRODUCT_BUNDLE_IDENTIFIER = TC.UBank;
				PRODUCT_NAME = "$(TARGET_NAME)";
				SWIFT_EMIT_LOC_STRINGS = YES;
				SWIFT_VERSION = 5.0;
				TARGETED_DEVICE_FAMILY = "1,2";
			};
			name = Release;
		};
		B6BF9B2E2A03C91F0012CCCF /* Debug */ = {
			isa = XCBuildConfiguration;
			buildSettings = {
				ALWAYS_EMBED_SWIFT_STANDARD_LIBRARIES = YES;
				BUNDLE_LOADER = "$(TEST_HOST)";
				CODE_SIGN_STYLE = Automatic;
				CURRENT_PROJECT_VERSION = 1;
				DEVELOPMENT_TEAM = 4HV6C4864X;
				GENERATE_INFOPLIST_FILE = YES;
				IPHONEOS_DEPLOYMENT_TARGET = 16.4;
				MARKETING_VERSION = 1.0;
				PRODUCT_BUNDLE_IDENTIFIER = TC.UBankTests;
				PRODUCT_NAME = "$(TARGET_NAME)";
				SWIFT_EMIT_LOC_STRINGS = NO;
				SWIFT_VERSION = 5.0;
				TARGETED_DEVICE_FAMILY = "1,2";
				TEST_HOST = "$(BUILT_PRODUCTS_DIR)/UBank.app/$(BUNDLE_EXECUTABLE_FOLDER_PATH)/UBank";
			};
			name = Debug;
		};
		B6BF9B2F2A03C91F0012CCCF /* Release */ = {
			isa = XCBuildConfiguration;
			buildSettings = {
				ALWAYS_EMBED_SWIFT_STANDARD_LIBRARIES = YES;
				BUNDLE_LOADER = "$(TEST_HOST)";
				CODE_SIGN_STYLE = Automatic;
				CURRENT_PROJECT_VERSION = 1;
				DEVELOPMENT_TEAM = 4HV6C4864X;
				GENERATE_INFOPLIST_FILE = YES;
				IPHONEOS_DEPLOYMENT_TARGET = 16.4;
				MARKETING_VERSION = 1.0;
				PRODUCT_BUNDLE_IDENTIFIER = TC.UBankTests;
				PRODUCT_NAME = "$(TARGET_NAME)";
				SWIFT_EMIT_LOC_STRINGS = NO;
				SWIFT_VERSION = 5.0;
				TARGETED_DEVICE_FAMILY = "1,2";
				TEST_HOST = "$(BUILT_PRODUCTS_DIR)/UBank.app/$(BUNDLE_EXECUTABLE_FOLDER_PATH)/UBank";
			};
			name = Release;
		};
		B6BF9B312A03C91F0012CCCF /* Debug */ = {
			isa = XCBuildConfiguration;
			buildSettings = {
				ALWAYS_EMBED_SWIFT_STANDARD_LIBRARIES = YES;
				CODE_SIGN_STYLE = Automatic;
				CURRENT_PROJECT_VERSION = 1;
				DEVELOPMENT_TEAM = 4HV6C4864X;
				GENERATE_INFOPLIST_FILE = YES;
				MARKETING_VERSION = 1.0;
				PRODUCT_BUNDLE_IDENTIFIER = TC.UBankUITests;
				PRODUCT_NAME = "$(TARGET_NAME)";
				SWIFT_EMIT_LOC_STRINGS = NO;
				SWIFT_VERSION = 5.0;
				TARGETED_DEVICE_FAMILY = "1,2";
				TEST_TARGET_NAME = UBank;
			};
			name = Debug;
		};
		B6BF9B322A03C91F0012CCCF /* Release */ = {
			isa = XCBuildConfiguration;
			buildSettings = {
				ALWAYS_EMBED_SWIFT_STANDARD_LIBRARIES = YES;
				CODE_SIGN_STYLE = Automatic;
				CURRENT_PROJECT_VERSION = 1;
				DEVELOPMENT_TEAM = 4HV6C4864X;
				GENERATE_INFOPLIST_FILE = YES;
				MARKETING_VERSION = 1.0;
				PRODUCT_BUNDLE_IDENTIFIER = TC.UBankUITests;
				PRODUCT_NAME = "$(TARGET_NAME)";
				SWIFT_EMIT_LOC_STRINGS = NO;
				SWIFT_VERSION = 5.0;
				TARGETED_DEVICE_FAMILY = "1,2";
				TEST_TARGET_NAME = UBank;
			};
			name = Release;
		};
/* End XCBuildConfiguration section */

/* Begin XCConfigurationList section */
		B6BF9AFB2A03C91D0012CCCF /* Build configuration list for PBXProject "UBank" */ = {
			isa = XCConfigurationList;
			buildConfigurations = (
				B6BF9B282A03C91F0012CCCF /* Debug */,
				B6BF9B292A03C91F0012CCCF /* Release */,
			);
			defaultConfigurationIsVisible = 0;
			defaultConfigurationName = Release;
		};
		B6BF9B2A2A03C91F0012CCCF /* Build configuration list for PBXNativeTarget "UBank" */ = {
			isa = XCConfigurationList;
			buildConfigurations = (
				B6BF9B2B2A03C91F0012CCCF /* Debug */,
				B6BF9B2C2A03C91F0012CCCF /* Release */,
			);
			defaultConfigurationIsVisible = 0;
			defaultConfigurationName = Release;
		};
		B6BF9B2D2A03C91F0012CCCF /* Build configuration list for PBXNativeTarget "UBankTests" */ = {
			isa = XCConfigurationList;
			buildConfigurations = (
				B6BF9B2E2A03C91F0012CCCF /* Debug */,
				B6BF9B2F2A03C91F0012CCCF /* Release */,
			);
			defaultConfigurationIsVisible = 0;
			defaultConfigurationName = Release;
		};
		B6BF9B302A03C91F0012CCCF /* Build configuration list for PBXNativeTarget "UBankUITests" */ = {
			isa = XCConfigurationList;
			buildConfigurations = (
				B6BF9B312A03C91F0012CCCF /* Debug */,
				B6BF9B322A03C91F0012CCCF /* Release */,
			);
			defaultConfigurationIsVisible = 0;
			defaultConfigurationName = Release;
		};
/* End XCConfigurationList section */

/* Begin XCRemoteSwiftPackageReference section */
		B6C4E9892A07CA46002C9845 /* XCRemoteSwiftPackageReference "firebase-ios-sdk" */ = {
			isa = XCRemoteSwiftPackageReference;
			repositoryURL = "https://github.com/firebase/firebase-ios-sdk";
			requirement = {
				kind = upToNextMajorVersion;
				minimumVersion = 10.0.0;
			};
		};
/* End XCRemoteSwiftPackageReference section */

/* Begin XCSwiftPackageProductDependency section */
		B614301C2A0F2F1A00168336 /* FirebaseAuth */ = {
			isa = XCSwiftPackageProductDependency;
			package = B6C4E9892A07CA46002C9845 /* XCRemoteSwiftPackageReference "firebase-ios-sdk" */;
			productName = FirebaseAuth;
		};
		B614301E2A0F2F5C00168336 /* FirebaseDatabase */ = {
			isa = XCSwiftPackageProductDependency;
			package = B6C4E9892A07CA46002C9845 /* XCRemoteSwiftPackageReference "firebase-ios-sdk" */;
			productName = FirebaseDatabase;
		};
		B631049A2A0F31880062D89A /* FirebaseAuth */ = {
			isa = XCSwiftPackageProductDependency;
			package = B6C4E9892A07CA46002C9845 /* XCRemoteSwiftPackageReference "firebase-ios-sdk" */;
			productName = FirebaseAuth;
		};
		B631049C2A0F318E0062D89A /* FirebaseDatabase */ = {
			isa = XCSwiftPackageProductDependency;
			package = B6C4E9892A07CA46002C9845 /* XCRemoteSwiftPackageReference "firebase-ios-sdk" */;
			productName = FirebaseDatabase;
		};
		B6C4E98A2A07CA46002C9845 /* FirebaseAnalytics */ = {
			isa = XCSwiftPackageProductDependency;
			package = B6C4E9892A07CA46002C9845 /* XCRemoteSwiftPackageReference "firebase-ios-sdk" */;
			productName = FirebaseAnalytics;
		};
		B6C4E98C2A07CA46002C9845 /* FirebaseAuth */ = {
			isa = XCSwiftPackageProductDependency;
			package = B6C4E9892A07CA46002C9845 /* XCRemoteSwiftPackageReference "firebase-ios-sdk" */;
			productName = FirebaseAuth;
		};
		B6C4E98E2A07CA46002C9845 /* FirebaseAuthCombine-Community */ = {
			isa = XCSwiftPackageProductDependency;
			package = B6C4E9892A07CA46002C9845 /* XCRemoteSwiftPackageReference "firebase-ios-sdk" */;
			productName = "FirebaseAuthCombine-Community";
		};
		B6C4E9902A07CA46002C9845 /* FirebaseDatabase */ = {
			isa = XCSwiftPackageProductDependency;
			package = B6C4E9892A07CA46002C9845 /* XCRemoteSwiftPackageReference "firebase-ios-sdk" */;
			productName = FirebaseDatabase;
		};
		B6C4E9922A07CA46002C9845 /* FirebaseDatabaseSwift */ = {
			isa = XCSwiftPackageProductDependency;
			package = B6C4E9892A07CA46002C9845 /* XCRemoteSwiftPackageReference "firebase-ios-sdk" */;
			productName = FirebaseDatabaseSwift;
		};
/* End XCSwiftPackageProductDependency section */
	};
	rootObject = B6BF9AF82A03C91D0012CCCF /* Project object */;
}
